// !$*UTF8*$!
{
	archiveVersion = 1;
	classes = {
	};
	objectVersion = 56;
	objects = {

/* Begin PBXBuildFile section */
		040709F929F1857F00D817D9 /* Operator.swift in Sources */ = {isa = PBXBuildFile; fileRef = 040709F829F1857F00D817D9 /* Operator.swift */; };
		040709FB29F185B700D817D9 /* Calculator.swift in Sources */ = {isa = PBXBuildFile; fileRef = 040709FA29F185B700D817D9 /* Calculator.swift */; };
		040709FD29F1898700D817D9 /* CalculatorApp.swift in Sources */ = {isa = PBXBuildFile; fileRef = 040709FC29F1898700D817D9 /* CalculatorApp.swift */; };
		042EF29029F07A5C0088DE3D /* CalculatorAppApp.swift in Sources */ = {isa = PBXBuildFile; fileRef = 042EF28F29F07A5C0088DE3D /* CalculatorAppApp.swift */; };
		042EF29229F07A5C0088DE3D /* ContentView.swift in Sources */ = {isa = PBXBuildFile; fileRef = 042EF29129F07A5C0088DE3D /* ContentView.swift */; };
		042EF29429F07A5F0088DE3D /* Assets.xcassets in Resources */ = {isa = PBXBuildFile; fileRef = 042EF29329F07A5F0088DE3D /* Assets.xcassets */; };
		042EF29729F07A5F0088DE3D /* Preview Assets.xcassets in Resources */ = {isa = PBXBuildFile; fileRef = 042EF29629F07A5F0088DE3D /* Preview Assets.xcassets */; };
		042EF2A229F07B0D0088DE3D /* CalculatorButtonsView.swift in Sources */ = {isa = PBXBuildFile; fileRef = 042EF2A129F07B0D0088DE3D /* CalculatorButtonsView.swift */; };
		042EF2A429F07DC70088DE3D /* CalculatorRawView.swift in Sources */ = {isa = PBXBuildFile; fileRef = 042EF2A329F07DC70088DE3D /* CalculatorRawView.swift */; };
		042EF2A629F07FDD0088DE3D /* CalculatorHomeView.swift in Sources */ = {isa = PBXBuildFile; fileRef = 042EF2A529F07FDD0088DE3D /* CalculatorHomeView.swift */; };
/* End PBXBuildFile section */

/* Begin PBXFileReference section */
		040709F829F1857F00D817D9 /* Operator.swift */ = {isa = PBXFileReference; lastKnownFileType = sourcecode.swift; path = Operator.swift; sourceTree = "<group>"; };
		040709FA29F185B700D817D9 /* Calculator.swift */ = {isa = PBXFileReference; lastKnownFileType = sourcecode.swift; path = Calculator.swift; sourceTree = "<group>"; };
		040709FC29F1898700D817D9 /* CalculatorApp.swift */ = {isa = PBXFileReference; lastKnownFileType = sourcecode.swift; path = CalculatorApp.swift; sourceTree = "<group>"; };
		042EF28C29F07A5C0088DE3D /* CalculatorApp.app */ = {isa = PBXFileReference; explicitFileType = wrapper.application; includeInIndex = 0; path = CalculatorApp.app; sourceTree = BUILT_PRODUCTS_DIR; };
		042EF28F29F07A5C0088DE3D /* CalculatorAppApp.swift */ = {isa = PBXFileReference; lastKnownFileType = sourcecode.swift; path = CalculatorAppApp.swift; sourceTree = "<group>"; };
		042EF29129F07A5C0088DE3D /* ContentView.swift */ = {isa = PBXFileReference; lastKnownFileType = sourcecode.swift; path = ContentView.swift; sourceTree = "<group>"; };
		042EF29329F07A5F0088DE3D /* Assets.xcassets */ = {isa = PBXFileReference; lastKnownFileType = folder.assetcatalog; path = Assets.xcassets; sourceTree = "<group>"; };
		042EF29629F07A5F0088DE3D /* Preview Assets.xcassets */ = {isa = PBXFileReference; lastKnownFileType = folder.assetcatalog; path = "Preview Assets.xcassets"; sourceTree = "<group>"; };
		042EF2A129F07B0D0088DE3D /* CalculatorButtonsView.swift */ = {isa = PBXFileReference; lastKnownFileType = sourcecode.swift; path = CalculatorButtonsView.swift; sourceTree = "<group>"; };
		042EF2A329F07DC70088DE3D /* CalculatorRawView.swift */ = {isa = PBXFileReference; lastKnownFileType = sourcecode.swift; path = CalculatorRawView.swift; sourceTree = "<group>"; };
		042EF2A529F07FDD0088DE3D /* CalculatorHomeView.swift */ = {isa = PBXFileReference; lastKnownFileType = sourcecode.swift; path = CalculatorHomeView.swift; sourceTree = "<group>"; };
/* End PBXFileReference section */

/* Begin PBXFrameworksBuildPhase section */
		042EF28929F07A5C0088DE3D /* Frameworks */ = {
			isa = PBXFrameworksBuildPhase;
			buildActionMask = 2147483647;
			files = (
			);
			runOnlyForDeploymentPostprocessing = 0;
		};
/* End PBXFrameworksBuildPhase section */

/* Begin PBXGroup section */
		042EF28329F07A5C0088DE3D = {
			isa = PBXGroup;
			children = (
				040709FC29F1898700D817D9 /* CalculatorApp.swift */,
				042EF28F29F07A5C0088DE3D /* CalculatorAppApp.swift */,
				042EF28E29F07A5C0088DE3D /* CalculatorApp */,
				042EF28D29F07A5C0088DE3D /* Products */,
			);
			sourceTree = "<group>";
		};
		042EF28D29F07A5C0088DE3D /* Products */ = {
			isa = PBXGroup;
			children = (
				042EF28C29F07A5C0088DE3D /* CalculatorApp.app */,
			);
			name = Products;
			sourceTree = "<group>";
		};
		042EF28E29F07A5C0088DE3D /* CalculatorApp */ = {
			isa = PBXGroup;
			children = (
				042EF29F29F07A8B0088DE3D /* ViewModels */,
				042EF29E29F07A840088DE3D /* Models */,
				042EF29D29F07A750088DE3D /* Views */,
				042EF2A029F07A990088DE3D /* Resources */,
				042EF29529F07A5F0088DE3D /* Preview Content */,
			);
			path = CalculatorApp;
			sourceTree = "<group>";
		};
		042EF29529F07A5F0088DE3D /* Preview Content */ = {
			isa = PBXGroup;
			children = (
				042EF29629F07A5F0088DE3D /* Preview Assets.xcassets */,
			);
			path = "Preview Content";
			sourceTree = "<group>";
		};
		042EF29D29F07A750088DE3D /* Views */ = {
			isa = PBXGroup;
			children = (
				042EF29129F07A5C0088DE3D /* ContentView.swift */,
				042EF2A529F07FDD0088DE3D /* CalculatorHomeView.swift */,
				042EF2A329F07DC70088DE3D /* CalculatorRawView.swift */,
				042EF2A129F07B0D0088DE3D /* CalculatorButtonsView.swift */,
			);
			path = Views;
			sourceTree = "<group>";
		};
		042EF29E29F07A840088DE3D /* Models */ = {
			isa = PBXGroup;
			children = (
				040709F829F1857F00D817D9 /* Operator.swift */,
				040709FA29F185B700D817D9 /* Calculator.swift */,
			);
			path = Models;
			sourceTree = "<group>";
		};
		042EF29F29F07A8B0088DE3D /* ViewModels */ = {
			isa = PBXGroup;
			children = (
			);
			path = ViewModels;
			sourceTree = "<group>";
		};
		042EF2A029F07A990088DE3D /* Resources */ = {
			isa = PBXGroup;
			children = (
				042EF29329F07A5F0088DE3D /* Assets.xcassets */,
			);
			path = Resources;
			sourceTree = "<group>";
		};
/* End PBXGroup section */

/* Begin PBXNativeTarget section */
		042EF28B29F07A5C0088DE3D /* CalculatorApp */ = {
			isa = PBXNativeTarget;
			buildConfigurationList = 042EF29A29F07A5F0088DE3D /* Build configuration list for PBXNativeTarget "CalculatorApp" */;
			buildPhases = (
				042EF28829F07A5C0088DE3D /* Sources */,
				042EF28929F07A5C0088DE3D /* Frameworks */,
				042EF28A29F07A5C0088DE3D /* Resources */,
			);
			buildRules = (
			);
			dependencies = (
			);
			name = CalculatorApp;
			productName = CalculatorApp;
			productReference = 042EF28C29F07A5C0088DE3D /* CalculatorApp.app */;
			productType = "com.apple.product-type.application";
		};
/* End PBXNativeTarget section */

/* Begin PBXProject section */
		042EF28429F07A5C0088DE3D /* Project object */ = {
			isa = PBXProject;
			attributes = {
				BuildIndependentTargetsInParallel = 1;
				LastSwiftUpdateCheck = 1420;
				LastUpgradeCheck = 1420;
				TargetAttributes = {
					042EF28B29F07A5C0088DE3D = {
						CreatedOnToolsVersion = 14.2;
					};
				};
			};
			buildConfigurationList = 042EF28729F07A5C0088DE3D /* Build configuration list for PBXProject "CalculatorApp" */;
			compatibilityVersion = "Xcode 14.0";
			developmentRegion = en;
			hasScannedForEncodings = 0;
			knownRegions = (
				en,
				Base,
			);
			mainGroup = 042EF28329F07A5C0088DE3D;
			productRefGroup = 042EF28D29F07A5C0088DE3D /* Products */;
			projectDirPath = "";
			projectRoot = "";
			targets = (
				042EF28B29F07A5C0088DE3D /* CalculatorApp */,
			);
		};
/* End PBXProject section */

/* Begin PBXResourcesBuildPhase section */
		042EF28A29F07A5C0088DE3D /* Resources */ = {
			isa = PBXResourcesBuildPhase;
			buildActionMask = 2147483647;
			files = (
				042EF29729F07A5F0088DE3D /* Preview Assets.xcassets in Resources */,
				042EF29429F07A5F0088DE3D /* Assets.xcassets in Resources */,
			);
			runOnlyForDeploymentPostprocessing = 0;
		};
/* End PBXResourcesBuildPhase section */

/* Begin PBXSourcesBuildPhase section */
		042EF28829F07A5C0088DE3D /* Sources */ = {
			isa = PBXSourcesBuildPhase;
			buildActionMask = 2147483647;
			files = (
				042EF2A229F07B0D0088DE3D /* CalculatorButtonsView.swift in Sources */,
				040709FD29F1898700D817D9 /* CalculatorApp.swift in Sources */,
				040709F929F1857F00D817D9 /* Operator.swift in Sources */,
				040709FB29F185B700D817D9 /* Calculator.swift in Sources */,
				042EF2A629F07FDD0088DE3D /* CalculatorHomeView.swift in Sources */,
				042EF2A429F07DC70088DE3D /* CalculatorRawView.swift in Sources */,
				042EF29229F07A5C0088DE3D /* ContentView.swift in Sources */,
				042EF29029F07A5C0088DE3D /* CalculatorAppApp.swift in Sources */,
			);
			runOnlyForDeploymentPostprocessing = 0;
		};
/* End PBXSourcesBuildPhase section */

/* Begin XCBuildConfiguration section */
		042EF29829F07A5F0088DE3D /* Debug */ = {
			isa = XCBuildConfiguration;
			buildSettings = {
				ALWAYS_SEARCH_USER_PATHS = NO;
				CLANG_ANALYZER_NONNULL = YES;
				CLANG_ANALYZER_NUMBER_OBJECT_CONVERSION = YES_AGGRESSIVE;
				CLANG_CXX_LANGUAGE_STANDARD = "gnu++20";
				CLANG_ENABLE_MODULES = YES;
				CLANG_ENABLE_OBJC_ARC = YES;
				CLANG_ENABLE_OBJC_WEAK = YES;
				CLANG_WARN_BLOCK_CAPTURE_AUTORELEASING = YES;
				CLANG_WARN_BOOL_CONVERSION = YES;
				CLANG_WARN_COMMA = YES;
				CLANG_WARN_CONSTANT_CONVERSION = YES;
				CLANG_WARN_DEPRECATED_OBJC_IMPLEMENTATIONS = YES;
				CLANG_WARN_DIRECT_OBJC_ISA_USAGE = YES_ERROR;
				CLANG_WARN_DOCUMENTATION_COMMENTS = YES;
				CLANG_WARN_EMPTY_BODY = YES;
				CLANG_WARN_ENUM_CONVERSION = YES;
				CLANG_WARN_INFINITE_RECURSION = YES;
				CLANG_WARN_INT_CONVERSION = YES;
				CLANG_WARN_NON_LITERAL_NULL_CONVERSION = YES;
				CLANG_WARN_OBJC_IMPLICIT_RETAIN_SELF = YES;
				CLANG_WARN_OBJC_LITERAL_CONVERSION = YES;
				CLANG_WARN_OBJC_ROOT_CLASS = YES_ERROR;
				CLANG_WARN_QUOTED_INCLUDE_IN_FRAMEWORK_HEADER = YES;
				CLANG_WARN_RANGE_LOOP_ANALYSIS = YES;
				CLANG_WARN_STRICT_PROTOTYPES = YES;
				CLANG_WARN_SUSPICIOUS_MOVE = YES;
				CLANG_WARN_UNGUARDED_AVAILABILITY = YES_AGGRESSIVE;
				CLANG_WARN_UNREACHABLE_CODE = YES;
				CLANG_WARN__DUPLICATE_METHOD_MATCH = YES;
				COPY_PHASE_STRIP = NO;
				DEBUG_INFORMATION_FORMAT = dwarf;
				ENABLE_STRICT_OBJC_MSGSEND = YES;
				ENABLE_TESTABILITY = YES;
				GCC_C_LANGUAGE_STANDARD = gnu11;
				GCC_DYNAMIC_NO_PIC = NO;
				GCC_NO_COMMON_BLOCKS = YES;
				GCC_OPTIMIZATION_LEVEL = 0;
				GCC_PREPROCESSOR_DEFINITIONS = (
					"DEBUG=1",
					"$(inherited)",
				);
				GCC_WARN_64_TO_32_BIT_CONVERSION = YES;
				GCC_WARN_ABOUT_RETURN_TYPE = YES_ERROR;
				GCC_WARN_UNDECLARED_SELECTOR = YES;
				GCC_WARN_UNINITIALIZED_AUTOS = YES_AGGRESSIVE;
				GCC_WARN_UNUSED_FUNCTION = YES;
				GCC_WARN_UNUSED_VARIABLE = YES;
				IPHONEOS_DEPLOYMENT_TARGET = 16.2;
				MTL_ENABLE_DEBUG_INFO = INCLUDE_SOURCE;
				MTL_FAST_MATH = YES;
				ONLY_ACTIVE_ARCH = YES;
				SDKROOT = iphoneos;
				SWIFT_ACTIVE_COMPILATION_CONDITIONS = DEBUG;
				SWIFT_OPTIMIZATION_LEVEL = "-Onone";
			};
			name = Debug;
		};
		042EF29929F07A5F0088DE3D /* Release */ = {
			isa = XCBuildConfiguration;
			buildSettings = {
				ALWAYS_SEARCH_USER_PATHS = NO;
				CLANG_ANALYZER_NONNULL = YES;
				CLANG_ANALYZER_NUMBER_OBJECT_CONVERSION = YES_AGGRESSIVE;
				CLANG_CXX_LANGUAGE_STANDARD = "gnu++20";
				CLANG_ENABLE_MODULES = YES;
				CLANG_ENABLE_OBJC_ARC = YES;
				CLANG_ENABLE_OBJC_WEAK = YES;
				CLANG_WARN_BLOCK_CAPTURE_AUTORELEASING = YES;
				CLANG_WARN_BOOL_CONVERSION = YES;
				CLANG_WARN_COMMA = YES;
				CLANG_WARN_CONSTANT_CONVERSION = YES;
				CLANG_WARN_DEPRECATED_OBJC_IMPLEMENTATIONS = YES;
				CLANG_WARN_DIRECT_OBJC_ISA_USAGE = YES_ERROR;
				CLANG_WARN_DOCUMENTATION_COMMENTS = YES;
				CLANG_WARN_EMPTY_BODY = YES;
				CLANG_WARN_ENUM_CONVERSION = YES;
				CLANG_WARN_INFINITE_RECURSION = YES;
				CLANG_WARN_INT_CONVERSION = YES;
				CLANG_WARN_NON_LITERAL_NULL_CONVERSION = YES;
				CLANG_WARN_OBJC_IMPLICIT_RETAIN_SELF = YES;
				CLANG_WARN_OBJC_LITERAL_CONVERSION = YES;
				CLANG_WARN_OBJC_ROOT_CLASS = YES_ERROR;
				CLANG_WARN_QUOTED_INCLUDE_IN_FRAMEWORK_HEADER = YES;
				CLANG_WARN_RANGE_LOOP_ANALYSIS = YES;
				CLANG_WARN_STRICT_PROTOTYPES = YES;
				CLANG_WARN_SUSPICIOUS_MOVE = YES;
				CLANG_WARN_UNGUARDED_AVAILABILITY = YES_AGGRESSIVE;
				CLANG_WARN_UNREACHABLE_CODE = YES;
				CLANG_WARN__DUPLICATE_METHOD_MATCH = YES;
				COPY_PHASE_STRIP = NO;
				DEBUG_INFORMATION_FORMAT = "dwarf-with-dsym";
				ENABLE_NS_ASSERTIONS = NO;
				ENABLE_STRICT_OBJC_MSGSEND = YES;
				GCC_C_LANGUAGE_STANDARD = gnu11;
				GCC_NO_COMMON_BLOCKS = YES;
				GCC_WARN_64_TO_32_BIT_CONVERSION = YES;
				GCC_WARN_ABOUT_RETURN_TYPE = YES_ERROR;
				GCC_WARN_UNDECLARED_SELECTOR = YES;
				GCC_WARN_UNINITIALIZED_AUTOS = YES_AGGRESSIVE;
				GCC_WARN_UNUSED_FUNCTION = YES;
				GCC_WARN_UNUSED_VARIABLE = YES;
				IPHONEOS_DEPLOYMENT_TARGET = 16.2;
				MTL_ENABLE_DEBUG_INFO = NO;
				MTL_FAST_MATH = YES;
				SDKROOT = iphoneos;
				SWIFT_COMPILATION_MODE = wholemodule;
				SWIFT_OPTIMIZATION_LEVEL = "-O";
				VALIDATE_PRODUCT = YES;
			};
			name = Release;
		};
		042EF29B29F07A5F0088DE3D /* Debug */ = {
			isa = XCBuildConfiguration;
			buildSettings = {
				ASSETCATALOG_COMPILER_APPICON_NAME = AppIcon;
				ASSETCATALOG_COMPILER_GLOBAL_ACCENT_COLOR_NAME = AccentColor;
				CODE_SIGN_STYLE = Automatic;
				CURRENT_PROJECT_VERSION = 1;
				DEVELOPMENT_ASSET_PATHS = "\"CalculatorApp/Preview Content\"";
				ENABLE_PREVIEWS = YES;
				GENERATE_INFOPLIST_FILE = YES;
				INFOPLIST_KEY_UIApplicationSceneManifest_Generation = YES;
				INFOPLIST_KEY_UIApplicationSupportsIndirectInputEvents = YES;
				INFOPLIST_KEY_UILaunchScreen_Generation = YES;
				INFOPLIST_KEY_UISupportedInterfaceOrientations_iPad = "UIInterfaceOrientationPortrait UIInterfaceOrientationPortraitUpsideDown UIInterfaceOrientationLandscapeLeft UIInterfaceOrientationLandscapeRight";
				INFOPLIST_KEY_UISupportedInterfaceOrientations_iPhone = "UIInterfaceOrientationPortrait UIInterfaceOrientationLandscapeLeft UIInterfaceOrientationLandscapeRight";
				LD_RUNPATH_SEARCH_PATHS = (
					"$(inherited)",
					"@executable_path/Frameworks",
				);
				MARKETING_VERSION = 1.0;
				PRODUCT_BUNDLE_IDENTIFIER = pl.smoscicki.CalculatorApp;
				PRODUCT_NAME = "$(TARGET_NAME)";
				SWIFT_EMIT_LOC_STRINGS = YES;
				SWIFT_VERSION = 5.0;
				TARGETED_DEVICE_FAMILY = "1,2";
			};
			name = Debug;
		};
		042EF29C29F07A5F0088DE3D /* Release */ = {
			isa = XCBuildConfiguration;
			buildSettings = {
				ASSETCATALOG_COMPILER_APPICON_NAME = AppIcon;
				ASSETCATALOG_COMPILER_GLOBAL_ACCENT_COLOR_NAME = AccentColor;
				CODE_SIGN_STYLE = Automatic;
				CURRENT_PROJECT_VERSION = 1;
				DEVELOPMENT_ASSET_PATHS = "\"CalculatorApp/Preview Content\"";
				ENABLE_PREVIEWS = YES;
				GENERATE_INFOPLIST_FILE = YES;
				INFOPLIST_KEY_UIApplicationSceneManifest_Generation = YES;
				INFOPLIST_KEY_UIApplicationSupportsIndirectInputEvents = YES;
				INFOPLIST_KEY_UILaunchScreen_Generation = YES;
				INFOPLIST_KEY_UISupportedInterfaceOrientations_iPad = "UIInterfaceOrientationPortrait UIInterfaceOrientationPortraitUpsideDown UIInterfaceOrientationLandscapeLeft UIInterfaceOrientationLandscapeRight";
				INFOPLIST_KEY_UISupportedInterfaceOrientations_iPhone = "UIInterfaceOrientationPortrait UIInterfaceOrientationLandscapeLeft UIInterfaceOrientationLandscapeRight";
				LD_RUNPATH_SEARCH_PATHS = (
					"$(inherited)",
					"@executable_path/Frameworks",
				);
				MARKETING_VERSION = 1.0;
				PRODUCT_BUNDLE_IDENTIFIER = pl.smoscicki.CalculatorApp;
				PRODUCT_NAME = "$(TARGET_NAME)";
				SWIFT_EMIT_LOC_STRINGS = YES;
				SWIFT_VERSION = 5.0;
				TARGETED_DEVICE_FAMILY = "1,2";
			};
			name = Release;
		};
/* End XCBuildConfiguration section */

/* Begin XCConfigurationList section */
		042EF28729F07A5C0088DE3D /* Build configuration list for PBXProject "CalculatorApp" */ = {
			isa = XCConfigurationList;
			buildConfigurations = (
				042EF29829F07A5F0088DE3D /* Debug */,
				042EF29929F07A5F0088DE3D /* Release */,
			);
			defaultConfigurationIsVisible = 0;
			defaultConfigurationName = Release;
		};
		042EF29A29F07A5F0088DE3D /* Build configuration list for PBXNativeTarget "CalculatorApp" */ = {
			isa = XCConfigurationList;
			buildConfigurations = (
				042EF29B29F07A5F0088DE3D /* Debug */,
				042EF29C29F07A5F0088DE3D /* Release */,
			);
			defaultConfigurationIsVisible = 0;
			defaultConfigurationName = Release;
		};
/* End XCConfigurationList section */
	};
	rootObject = 042EF28429F07A5C0088DE3D /* Project object */;
}
